
Microsoft Visual Studio Solution File, Format Version 12.00
# Visual Studio Version 17
VisualStudioVersion = 17.0.31903.59
MinimumVisualStudioVersion = 10.0.40219.1
Project("{FAE04EC0-301F-11D3-BF4B-00C04F79EFBC}") = "API", "API\API.csproj", "{A252DB56-8C72-4AAE-BB5F-397792D09B80}"
EndProject
Project("{FAE04EC0-301F-11D3-BF4B-00C04F79EFBC}") = "Core", "Core\Core.csproj", "{17B9D6B9-5670-4657-8FC9-F7302D587E3D}"
EndProject
Project("{FAE04EC0-301F-11D3-BF4B-00C04F79EFBC}") = "Infrastructure", "Infrastructure\Infrastructure.csproj", "{54705859-92EB-41CD-951A-D3513156D62E}"
EndProject
Global
	GlobalSection(SolutionConfigurationPlatforms) = preSolution
		Debug|Any CPU = Debug|Any CPU
		Release|Any CPU = Release|Any CPU
	EndGlobalSection
	GlobalSection(SolutionProperties) = preSolution
		HideSolutionNode = FALSE
	EndGlobalSection
	GlobalSection(ProjectConfigurationPlatforms) = postSolution
		{A252DB56-8C72-4AAE-BB5F-397792D09B80}.Debug|Any CPU.ActiveCfg = Debug|Any CPU
		{A252DB56-8C72-4AAE-BB5F-397792D09B80}.Debug|Any CPU.Build.0 = Debug|Any CPU
		{A252DB56-8C72-4AAE-BB5F-397792D09B80}.Release|Any CPU.ActiveCfg = Release|Any CPU
		{A252DB56-8C72-4AAE-BB5F-397792D09B80}.Release|Any CPU.Build.0 = Release|Any CPU
		{17B9D6B9-5670-4657-8FC9-F7302D587E3D}.Debug|Any CPU.ActiveCfg = Debug|Any CPU
		{17B9D6B9-5670-4657-8FC9-F7302D587E3D}.Debug|Any CPU.Build.0 = Debug|Any CPU
		{17B9D6B9-5670-4657-8FC9-F7302D587E3D}.Release|Any CPU.ActiveCfg = Release|Any CPU
		{17B9D6B9-5670-4657-8FC9-F7302D587E3D}.Release|Any CPU.Build.0 = Release|Any CPU
		{54705859-92EB-41CD-951A-D3513156D62E}.Debug|Any CPU.ActiveCfg = Debug|Any CPU
		{54705859-92EB-41CD-951A-D3513156D62E}.Debug|Any CPU.Build.0 = Debug|Any CPU
		{54705859-92EB-41CD-951A-D3513156D62E}.Release|Any CPU.ActiveCfg = Release|Any CPU
		{54705859-92EB-41CD-951A-D3513156D62E}.Release|Any CPU.Build.0 = Release|Any CPU
	EndGlobalSection
EndGlobal
